
Microsoft Visual Studio Solution File, Format Version 12.00
# Visual Studio Version 17
VisualStudioVersion = 17.7.34202.233
MinimumVisualStudioVersion = 10.0.40219.1
Project("{8BC9CEB8-8B4A-11D0-8D11-00A0C91BC942}") = "L20231027", "L20231027.vcxproj", "{87FCF3FF-8CBB-4A7C-A045-E3D1C7B086AA}"
EndProject
Global
	GlobalSection(SolutionConfigurationPlatforms) = preSolution
		Debug|x64 = Debug|x64
		Debug|x86 = Debug|x86
		Release|x64 = Release|x64
		Release|x86 = Release|x86
	EndGlobalSection
	GlobalSection(ProjectConfigurationPlatforms) = postSolution
		{87FCF3FF-8CBB-4A7C-A045-E3D1C7B086AA}.Debug|x64.ActiveCfg = Debug|x64
		{87FCF3FF-8CBB-4A7C-A045-E3D1C7B086AA}.Debug|x64.Build.0 = Debug|x64
		{87FCF3FF-8CBB-4A7C-A045-E3D1C7B086AA}.Debug|x86.ActiveCfg = Debug|Win32
		{87FCF3FF-8CBB-4A7C-A045-E3D1C7B086AA}.Debug|x86.Build.0 = Debug|Win32
		{87FCF3FF-8CBB-4A7C-A045-E3D1C7B086AA}.Release|x64.ActiveCfg = Release|x64
		{87FCF3FF-8CBB-4A7C-A045-E3D1C7B086AA}.Release|x64.Build.0 = Release|x64
		{87FCF3FF-8CBB-4A7C-A045-E3D1C7B086AA}.Release|x86.ActiveCfg = Release|Win32
		{87FCF3FF-8CBB-4A7C-A045-E3D1C7B086AA}.Release|x86.Build.0 = Release|Win32
	EndGlobalSection
	GlobalSection(SolutionProperties) = preSolution
		HideSolutionNode = FALSE
	EndGlobalSection
	GlobalSection(ExtensibilityGlobals) = postSolution
		SolutionGuid = {944F4FEB-D837-4048-9DEA-C846B33ED8D2}
	EndGlobalSection
EndGlobal
